
Microsoft Visual Studio Solution File, Format Version 12.00
# Visual Studio 14
VisualStudioVersion = 14.0.25123.0
MinimumVisualStudioVersion = 10.0.40219.1
Project("{9981B76A-32AD-4D4A-906B-F3B89371EA52}") = "Sitecore.Support.326630", "Sitecore.Support.326630\Sitecore.Support.326630.csproj", "{F890FA9E-090D-4CA5-A33C-7AFABC726DF1}"
EndProject
Global
	GlobalSection(SolutionConfigurationPlatforms) = preSolution
		Debug|Any CPU = Debug|Any CPU
		Release|Any CPU = Release|Any CPU
	EndGlobalSection
	GlobalSection(ProjectConfigurationPlatforms) = postSolution
		{F890FA9E-090D-4CA5-A33C-7AFABC726DF1}.Debug|Any CPU.ActiveCfg = Debug|Any CPU
		{F890FA9E-090D-4CA5-A33C-7AFABC726DF1}.Debug|Any CPU.Build.0 = Debug|Any CPU
		{F890FA9E-090D-4CA5-A33C-7AFABC726DF1}.Release|Any CPU.ActiveCfg = Release|Any CPU
		{F890FA9E-090D-4CA5-A33C-7AFABC726DF1}.Release|Any CPU.Build.0 = Release|Any CPU
	EndGlobalSection
	GlobalSection(SolutionProperties) = preSolution
		HideSolutionNode = FALSE
	EndGlobalSection
EndGlobal
